// !$*UTF8*$!
{
	archiveVersion = 1;
	classes = {
	};
	objectVersion = 56;
	objects = {

/* Begin PBXBuildFile section */
		3A1AAA5E2B95587A00EF4DC0 /* GoogleSignIn in Frameworks */ = {isa = PBXBuildFile; productRef = 3A1AAA5D2B95587A00EF4DC0 /* GoogleSignIn */; };
		3A1AAA602B95587A00EF4DC0 /* GoogleSignInSwift in Frameworks */ = {isa = PBXBuildFile; productRef = 3A1AAA5F2B95587A00EF4DC0 /* GoogleSignInSwift */; };
		48AC8CA32B7EE39200B53D65 /* UCRBayApp.swift in Sources */ = {isa = PBXBuildFile; fileRef = 48AC8CA22B7EE39200B53D65 /* UCRBayApp.swift */; };
		48AC8CA52B7EE39200B53D65 /* ContentView.swift in Sources */ = {isa = PBXBuildFile; fileRef = 48AC8CA42B7EE39200B53D65 /* ContentView.swift */; };
		48AC8CA72B7EE39400B53D65 /* Assets.xcassets in Resources */ = {isa = PBXBuildFile; fileRef = 48AC8CA62B7EE39400B53D65 /* Assets.xcassets */; };
		48AC8CAB2B7EE39400B53D65 /* Preview Assets.xcassets in Resources */ = {isa = PBXBuildFile; fileRef = 48AC8CAA2B7EE39400B53D65 /* Preview Assets.xcassets */; };
		48AC8CB52B7EE39400B53D65 /* UCRBayTests.swift in Sources */ = {isa = PBXBuildFile; fileRef = 48AC8CB42B7EE39400B53D65 /* UCRBayTests.swift */; };
		48AC8CBF2B7EE39400B53D65 /* UCRBayUITests.swift in Sources */ = {isa = PBXBuildFile; fileRef = 48AC8CBE2B7EE39400B53D65 /* UCRBayUITests.swift */; };
		48AC8CC12B7EE39400B53D65 /* UCRBayUITestsLaunchTests.swift in Sources */ = {isa = PBXBuildFile; fileRef = 48AC8CC02B7EE39400B53D65 /* UCRBayUITestsLaunchTests.swift */; };
		48AC8CD02B7EE41000B53D65 /* HomeView.swift in Sources */ = {isa = PBXBuildFile; fileRef = 48AC8CCF2B7EE41000B53D65 /* HomeView.swift */; };
		48AC8CD22B7EE73700B53D65 /* GoogleService-Info.plist in Resources */ = {isa = PBXBuildFile; fileRef = 48AC8CD12B7EE73700B53D65 /* GoogleService-Info.plist */; };
		48AC8CD52B7EE98400B53D65 /* FirebaseAnalytics in Frameworks */ = {isa = PBXBuildFile; productRef = 48AC8CD42B7EE98400B53D65 /* FirebaseAnalytics */; };
		48AC8CD72B7EE98400B53D65 /* FirebaseAnalyticsOnDeviceConversion in Frameworks */ = {isa = PBXBuildFile; productRef = 48AC8CD62B7EE98400B53D65 /* FirebaseAnalyticsOnDeviceConversion */; };
		48AC8CD92B7EE98400B53D65 /* FirebaseAnalyticsSwift in Frameworks */ = {isa = PBXBuildFile; productRef = 48AC8CD82B7EE98400B53D65 /* FirebaseAnalyticsSwift */; };
		48AC8CDB2B7EE98400B53D65 /* FirebaseAnalyticsWithoutAdIdSupport in Frameworks */ = {isa = PBXBuildFile; productRef = 48AC8CDA2B7EE98400B53D65 /* FirebaseAnalyticsWithoutAdIdSupport */; };
		48AC8CDD2B7EE98400B53D65 /* FirebaseAppCheck in Frameworks */ = {isa = PBXBuildFile; productRef = 48AC8CDC2B7EE98400B53D65 /* FirebaseAppCheck */; };
		48AC8CDF2B7EE98400B53D65 /* FirebaseAppDistribution-Beta in Frameworks */ = {isa = PBXBuildFile; productRef = 48AC8CDE2B7EE98400B53D65 /* FirebaseAppDistribution-Beta */; };
		48AC8CE12B7EE98400B53D65 /* FirebaseAuth in Frameworks */ = {isa = PBXBuildFile; productRef = 48AC8CE02B7EE98400B53D65 /* FirebaseAuth */; };
		48AC8CE32B7EE98400B53D65 /* FirebaseAuthCombine-Community in Frameworks */ = {isa = PBXBuildFile; productRef = 48AC8CE22B7EE98400B53D65 /* FirebaseAuthCombine-Community */; };
		48AC8CE52B7EE98400B53D65 /* FirebaseCrashlytics in Frameworks */ = {isa = PBXBuildFile; productRef = 48AC8CE42B7EE98400B53D65 /* FirebaseCrashlytics */; };
		48AC8CE72B7EE98400B53D65 /* FirebaseDatabase in Frameworks */ = {isa = PBXBuildFile; productRef = 48AC8CE62B7EE98400B53D65 /* FirebaseDatabase */; };
		48AC8CE92B7EE98400B53D65 /* FirebaseDatabaseSwift in Frameworks */ = {isa = PBXBuildFile; productRef = 48AC8CE82B7EE98400B53D65 /* FirebaseDatabaseSwift */; };
		48AC8CEB2B7EE98400B53D65 /* FirebaseDynamicLinks in Frameworks */ = {isa = PBXBuildFile; productRef = 48AC8CEA2B7EE98400B53D65 /* FirebaseDynamicLinks */; };
		48AC8CED2B7EE98400B53D65 /* FirebaseFirestore in Frameworks */ = {isa = PBXBuildFile; productRef = 48AC8CEC2B7EE98400B53D65 /* FirebaseFirestore */; };
		48AC8CEF2B7EE98400B53D65 /* FirebaseFirestoreCombine-Community in Frameworks */ = {isa = PBXBuildFile; productRef = 48AC8CEE2B7EE98400B53D65 /* FirebaseFirestoreCombine-Community */; };
		48AC8CF12B7EE98400B53D65 /* FirebaseFirestoreSwift in Frameworks */ = {isa = PBXBuildFile; productRef = 48AC8CF02B7EE98400B53D65 /* FirebaseFirestoreSwift */; };
		48AC8CF32B7EE98400B53D65 /* FirebaseFunctions in Frameworks */ = {isa = PBXBuildFile; productRef = 48AC8CF22B7EE98400B53D65 /* FirebaseFunctions */; };
		48AC8CF52B7EE98400B53D65 /* FirebaseFunctionsCombine-Community in Frameworks */ = {isa = PBXBuildFile; productRef = 48AC8CF42B7EE98400B53D65 /* FirebaseFunctionsCombine-Community */; };
		48AC8CF72B7EE98400B53D65 /* FirebaseInAppMessaging-Beta in Frameworks */ = {isa = PBXBuildFile; productRef = 48AC8CF62B7EE98400B53D65 /* FirebaseInAppMessaging-Beta */; };
		48AC8CF92B7EE98400B53D65 /* FirebaseInAppMessagingSwift-Beta in Frameworks */ = {isa = PBXBuildFile; productRef = 48AC8CF82B7EE98400B53D65 /* FirebaseInAppMessagingSwift-Beta */; };
		48AC8CFB2B7EE98400B53D65 /* FirebaseInstallations in Frameworks */ = {isa = PBXBuildFile; productRef = 48AC8CFA2B7EE98400B53D65 /* FirebaseInstallations */; };
		48AC8CFD2B7EE98400B53D65 /* FirebaseMLModelDownloader in Frameworks */ = {isa = PBXBuildFile; productRef = 48AC8CFC2B7EE98400B53D65 /* FirebaseMLModelDownloader */; };
		48AC8CFF2B7EE98400B53D65 /* FirebaseMessaging in Frameworks */ = {isa = PBXBuildFile; productRef = 48AC8CFE2B7EE98400B53D65 /* FirebaseMessaging */; };
		48AC8D012B7EE98400B53D65 /* FirebasePerformance in Frameworks */ = {isa = PBXBuildFile; productRef = 48AC8D002B7EE98400B53D65 /* FirebasePerformance */; };
		48AC8D032B7EE98400B53D65 /* FirebaseRemoteConfig in Frameworks */ = {isa = PBXBuildFile; productRef = 48AC8D022B7EE98400B53D65 /* FirebaseRemoteConfig */; };
		48AC8D052B7EE98400B53D65 /* FirebaseRemoteConfigSwift in Frameworks */ = {isa = PBXBuildFile; productRef = 48AC8D042B7EE98400B53D65 /* FirebaseRemoteConfigSwift */; };
		48AC8D072B7EE98400B53D65 /* FirebaseStorage in Frameworks */ = {isa = PBXBuildFile; productRef = 48AC8D062B7EE98400B53D65 /* FirebaseStorage */; };
		48AC8D092B7EE98400B53D65 /* FirebaseStorageCombine-Community in Frameworks */ = {isa = PBXBuildFile; productRef = 48AC8D082B7EE98400B53D65 /* FirebaseStorageCombine-Community */; };
		48AC8D0B2B7EECF700B53D65 /* User.swift in Sources */ = {isa = PBXBuildFile; fileRef = 48AC8D0A2B7EECF700B53D65 /* User.swift */; };
		48AC8D0D2B7EF3B900B53D65 /* UserViewModel.swift in Sources */ = {isa = PBXBuildFile; fileRef = 48AC8D0C2B7EF3B900B53D65 /* UserViewModel.swift */; };
		48AC8D0F2B7EFC2600B53D65 /* RegistrationView.swift in Sources */ = {isa = PBXBuildFile; fileRef = 48AC8D0E2B7EFC2600B53D65 /* RegistrationView.swift */; };
/* End PBXBuildFile section */

/* Begin PBXContainerItemProxy section */
		48AC8CB12B7EE39400B53D65 /* PBXContainerItemProxy */ = {
			isa = PBXContainerItemProxy;
			containerPortal = 48AC8C972B7EE39200B53D65 /* Project object */;
			proxyType = 1;
			remoteGlobalIDString = 48AC8C9E2B7EE39200B53D65;
			remoteInfo = UCRBay;
		};
		48AC8CBB2B7EE39400B53D65 /* PBXContainerItemProxy */ = {
			isa = PBXContainerItemProxy;
			containerPortal = 48AC8C972B7EE39200B53D65 /* Project object */;
			proxyType = 1;
			remoteGlobalIDString = 48AC8C9E2B7EE39200B53D65;
			remoteInfo = UCRBay;
		};
/* End PBXContainerItemProxy section */

/* Begin PBXFileReference section */
		48AC8C9F2B7EE39200B53D65 /* UCRBay.app */ = {isa = PBXFileReference; explicitFileType = wrapper.application; includeInIndex = 0; path = UCRBay.app; sourceTree = BUILT_PRODUCTS_DIR; };
		48AC8CA22B7EE39200B53D65 /* UCRBayApp.swift */ = {isa = PBXFileReference; lastKnownFileType = sourcecode.swift; path = UCRBayApp.swift; sourceTree = "<group>"; };
		48AC8CA42B7EE39200B53D65 /* ContentView.swift */ = {isa = PBXFileReference; lastKnownFileType = sourcecode.swift; path = ContentView.swift; sourceTree = "<group>"; };
		48AC8CA62B7EE39400B53D65 /* Assets.xcassets */ = {isa = PBXFileReference; lastKnownFileType = folder.assetcatalog; path = Assets.xcassets; sourceTree = "<group>"; };
		48AC8CA82B7EE39400B53D65 /* UCRBay.entitlements */ = {isa = PBXFileReference; lastKnownFileType = text.plist.entitlements; path = UCRBay.entitlements; sourceTree = "<group>"; };
		48AC8CAA2B7EE39400B53D65 /* Preview Assets.xcassets */ = {isa = PBXFileReference; lastKnownFileType = folder.assetcatalog; path = "Preview Assets.xcassets"; sourceTree = "<group>"; };
		48AC8CB02B7EE39400B53D65 /* UCRBayTests.xctest */ = {isa = PBXFileReference; explicitFileType = wrapper.cfbundle; includeInIndex = 0; path = UCRBayTests.xctest; sourceTree = BUILT_PRODUCTS_DIR; };
		48AC8CB42B7EE39400B53D65 /* UCRBayTests.swift */ = {isa = PBXFileReference; lastKnownFileType = sourcecode.swift; path = UCRBayTests.swift; sourceTree = "<group>"; };
		48AC8CBA2B7EE39400B53D65 /* UCRBayUITests.xctest */ = {isa = PBXFileReference; explicitFileType = wrapper.cfbundle; includeInIndex = 0; path = UCRBayUITests.xctest; sourceTree = BUILT_PRODUCTS_DIR; };
		48AC8CBE2B7EE39400B53D65 /* UCRBayUITests.swift */ = {isa = PBXFileReference; lastKnownFileType = sourcecode.swift; path = UCRBayUITests.swift; sourceTree = "<group>"; };
		48AC8CC02B7EE39400B53D65 /* UCRBayUITestsLaunchTests.swift */ = {isa = PBXFileReference; lastKnownFileType = sourcecode.swift; path = UCRBayUITestsLaunchTests.swift; sourceTree = "<group>"; };
		48AC8CCF2B7EE41000B53D65 /* HomeView.swift */ = {isa = PBXFileReference; lastKnownFileType = sourcecode.swift; path = HomeView.swift; sourceTree = "<group>"; };
		48AC8CD12B7EE73700B53D65 /* GoogleService-Info.plist */ = {isa = PBXFileReference; fileEncoding = 4; lastKnownFileType = text.plist.xml; name = "GoogleService-Info.plist"; path = "../../../Downloads/GoogleService-Info.plist"; sourceTree = "<group>"; };
		48AC8D0A2B7EECF700B53D65 /* User.swift */ = {isa = PBXFileReference; lastKnownFileType = sourcecode.swift; path = User.swift; sourceTree = "<group>"; };
		48AC8D0C2B7EF3B900B53D65 /* UserViewModel.swift */ = {isa = PBXFileReference; lastKnownFileType = sourcecode.swift; path = UserViewModel.swift; sourceTree = "<group>"; };
		48AC8D0E2B7EFC2600B53D65 /* RegistrationView.swift */ = {isa = PBXFileReference; lastKnownFileType = sourcecode.swift; path = RegistrationView.swift; sourceTree = "<group>"; };
/* End PBXFileReference section */

/* Begin PBXFrameworksBuildPhase section */
		48AC8C9C2B7EE39200B53D65 /* Frameworks */ = {
			isa = PBXFrameworksBuildPhase;
			buildActionMask = 2147483647;
			files = (
				48AC8CE72B7EE98400B53D65 /* FirebaseDatabase in Frameworks */,
				48AC8CF52B7EE98400B53D65 /* FirebaseFunctionsCombine-Community in Frameworks */,
				48AC8CED2B7EE98400B53D65 /* FirebaseFirestore in Frameworks */,
				48AC8CD92B7EE98400B53D65 /* FirebaseAnalyticsSwift in Frameworks */,
				48AC8CD52B7EE98400B53D65 /* FirebaseAnalytics in Frameworks */,
				48AC8CD72B7EE98400B53D65 /* FirebaseAnalyticsOnDeviceConversion in Frameworks */,
				48AC8CFD2B7EE98400B53D65 /* FirebaseMLModelDownloader in Frameworks */,
				3A1AAA602B95587A00EF4DC0 /* GoogleSignInSwift in Frameworks */,
				48AC8CF12B7EE98400B53D65 /* FirebaseFirestoreSwift in Frameworks */,
				48AC8CDD2B7EE98400B53D65 /* FirebaseAppCheck in Frameworks */,
				48AC8CDB2B7EE98400B53D65 /* FirebaseAnalyticsWithoutAdIdSupport in Frameworks */,
				48AC8CE12B7EE98400B53D65 /* FirebaseAuth in Frameworks */,
				48AC8CE52B7EE98400B53D65 /* FirebaseCrashlytics in Frameworks */,
				48AC8D052B7EE98400B53D65 /* FirebaseRemoteConfigSwift in Frameworks */,
				3A1AAA5E2B95587A00EF4DC0 /* GoogleSignIn in Frameworks */,
				48AC8CF72B7EE98400B53D65 /* FirebaseInAppMessaging-Beta in Frameworks */,
				48AC8CE92B7EE98400B53D65 /* FirebaseDatabaseSwift in Frameworks */,
				48AC8CF32B7EE98400B53D65 /* FirebaseFunctions in Frameworks */,
				48AC8D092B7EE98400B53D65 /* FirebaseStorageCombine-Community in Frameworks */,
				48AC8D032B7EE98400B53D65 /* FirebaseRemoteConfig in Frameworks */,
				48AC8CDF2B7EE98400B53D65 /* FirebaseAppDistribution-Beta in Frameworks */,
				48AC8CE32B7EE98400B53D65 /* FirebaseAuthCombine-Community in Frameworks */,
				48AC8D012B7EE98400B53D65 /* FirebasePerformance in Frameworks */,
				48AC8CF92B7EE98400B53D65 /* FirebaseInAppMessagingSwift-Beta in Frameworks */,
				48AC8D072B7EE98400B53D65 /* FirebaseStorage in Frameworks */,
				48AC8CEB2B7EE98400B53D65 /* FirebaseDynamicLinks in Frameworks */,
				48AC8CEF2B7EE98400B53D65 /* FirebaseFirestoreCombine-Community in Frameworks */,
				48AC8CFF2B7EE98400B53D65 /* FirebaseMessaging in Frameworks */,
				48AC8CFB2B7EE98400B53D65 /* FirebaseInstallations in Frameworks */,
			);
			runOnlyForDeploymentPostprocessing = 0;
		};
		48AC8CAD2B7EE39400B53D65 /* Frameworks */ = {
			isa = PBXFrameworksBuildPhase;
			buildActionMask = 2147483647;
			files = (
			);
			runOnlyForDeploymentPostprocessing = 0;
		};
		48AC8CB72B7EE39400B53D65 /* Frameworks */ = {
			isa = PBXFrameworksBuildPhase;
			buildActionMask = 2147483647;
			files = (
			);
			runOnlyForDeploymentPostprocessing = 0;
		};
/* End PBXFrameworksBuildPhase section */

/* Begin PBXGroup section */
		48AC8C962B7EE39200B53D65 = {
			isa = PBXGroup;
			children = (
				48AC8CA12B7EE39200B53D65 /* UCRBay */,
				48AC8CB32B7EE39400B53D65 /* UCRBayTests */,
				48AC8CBD2B7EE39400B53D65 /* UCRBayUITests */,
				48AC8CA02B7EE39200B53D65 /* Products */,
			);
			sourceTree = "<group>";
		};
		48AC8CA02B7EE39200B53D65 /* Products */ = {
			isa = PBXGroup;
			children = (
				48AC8C9F2B7EE39200B53D65 /* UCRBay.app */,
				48AC8CB02B7EE39400B53D65 /* UCRBayTests.xctest */,
				48AC8CBA2B7EE39400B53D65 /* UCRBayUITests.xctest */,
			);
			name = Products;
			sourceTree = "<group>";
		};
		48AC8CA12B7EE39200B53D65 /* UCRBay */ = {
			isa = PBXGroup;
			children = (
				48AC8CA22B7EE39200B53D65 /* UCRBayApp.swift */,
				48AC8D0A2B7EECF700B53D65 /* User.swift */,
				48AC8D0E2B7EFC2600B53D65 /* RegistrationView.swift */,
				48AC8CCF2B7EE41000B53D65 /* HomeView.swift */,
				48AC8CA42B7EE39200B53D65 /* ContentView.swift */,
				48AC8D0C2B7EF3B900B53D65 /* UserViewModel.swift */,
				48AC8CA62B7EE39400B53D65 /* Assets.xcassets */,
				48AC8CA82B7EE39400B53D65 /* UCRBay.entitlements */,
				48AC8CD12B7EE73700B53D65 /* GoogleService-Info.plist */,
				48AC8CA92B7EE39400B53D65 /* Preview Content */,
			);
			path = UCRBay;
			sourceTree = "<group>";
		};
		48AC8CA92B7EE39400B53D65 /* Preview Content */ = {
			isa = PBXGroup;
			children = (
				48AC8CAA2B7EE39400B53D65 /* Preview Assets.xcassets */,
			);
			path = "Preview Content";
			sourceTree = "<group>";
		};
		48AC8CB32B7EE39400B53D65 /* UCRBayTests */ = {
			isa = PBXGroup;
			children = (
				48AC8CB42B7EE39400B53D65 /* UCRBayTests.swift */,
			);
			path = UCRBayTests;
			sourceTree = "<group>";
		};
		48AC8CBD2B7EE39400B53D65 /* UCRBayUITests */ = {
			isa = PBXGroup;
			children = (
				48AC8CBE2B7EE39400B53D65 /* UCRBayUITests.swift */,
				48AC8CC02B7EE39400B53D65 /* UCRBayUITestsLaunchTests.swift */,
			);
			path = UCRBayUITests;
			sourceTree = "<group>";
		};
/* End PBXGroup section */

/* Begin PBXNativeTarget section */
		48AC8C9E2B7EE39200B53D65 /* UCRBay */ = {
			isa = PBXNativeTarget;
			buildConfigurationList = 48AC8CC42B7EE39400B53D65 /* Build configuration list for PBXNativeTarget "UCRBay" */;
			buildPhases = (
				48AC8C9B2B7EE39200B53D65 /* Sources */,
				48AC8C9C2B7EE39200B53D65 /* Frameworks */,
				48AC8C9D2B7EE39200B53D65 /* Resources */,
			);
			buildRules = (
			);
			dependencies = (
			);
			name = UCRBay;
			packageProductDependencies = (
				48AC8CD42B7EE98400B53D65 /* FirebaseAnalytics */,
				48AC8CD62B7EE98400B53D65 /* FirebaseAnalyticsOnDeviceConversion */,
				48AC8CD82B7EE98400B53D65 /* FirebaseAnalyticsSwift */,
				48AC8CDA2B7EE98400B53D65 /* FirebaseAnalyticsWithoutAdIdSupport */,
				48AC8CDC2B7EE98400B53D65 /* FirebaseAppCheck */,
				48AC8CDE2B7EE98400B53D65 /* FirebaseAppDistribution-Beta */,
				48AC8CE02B7EE98400B53D65 /* FirebaseAuth */,
				48AC8CE22B7EE98400B53D65 /* FirebaseAuthCombine-Community */,
				48AC8CE42B7EE98400B53D65 /* FirebaseCrashlytics */,
				48AC8CE62B7EE98400B53D65 /* FirebaseDatabase */,
				48AC8CE82B7EE98400B53D65 /* FirebaseDatabaseSwift */,
				48AC8CEA2B7EE98400B53D65 /* FirebaseDynamicLinks */,
				48AC8CEC2B7EE98400B53D65 /* FirebaseFirestore */,
				48AC8CEE2B7EE98400B53D65 /* FirebaseFirestoreCombine-Community */,
				48AC8CF02B7EE98400B53D65 /* FirebaseFirestoreSwift */,
				48AC8CF22B7EE98400B53D65 /* FirebaseFunctions */,
				48AC8CF42B7EE98400B53D65 /* FirebaseFunctionsCombine-Community */,
				48AC8CF62B7EE98400B53D65 /* FirebaseInAppMessaging-Beta */,
				48AC8CF82B7EE98400B53D65 /* FirebaseInAppMessagingSwift-Beta */,
				48AC8CFA2B7EE98400B53D65 /* FirebaseInstallations */,
				48AC8CFC2B7EE98400B53D65 /* FirebaseMLModelDownloader */,
				48AC8CFE2B7EE98400B53D65 /* FirebaseMessaging */,
				48AC8D002B7EE98400B53D65 /* FirebasePerformance */,
				48AC8D022B7EE98400B53D65 /* FirebaseRemoteConfig */,
				48AC8D042B7EE98400B53D65 /* FirebaseRemoteConfigSwift */,
				48AC8D062B7EE98400B53D65 /* FirebaseStorage */,
				48AC8D082B7EE98400B53D65 /* FirebaseStorageCombine-Community */,
				3A1AAA5D2B95587A00EF4DC0 /* GoogleSignIn */,
				3A1AAA5F2B95587A00EF4DC0 /* GoogleSignInSwift */,
			);
			productName = UCRBay;
			productReference = 48AC8C9F2B7EE39200B53D65 /* UCRBay.app */;
			productType = "com.apple.product-type.application";
		};
		48AC8CAF2B7EE39400B53D65 /* UCRBayTests */ = {
			isa = PBXNativeTarget;
			buildConfigurationList = 48AC8CC72B7EE39400B53D65 /* Build configuration list for PBXNativeTarget "UCRBayTests" */;
			buildPhases = (
				48AC8CAC2B7EE39400B53D65 /* Sources */,
				48AC8CAD2B7EE39400B53D65 /* Frameworks */,
				48AC8CAE2B7EE39400B53D65 /* Resources */,
			);
			buildRules = (
			);
			dependencies = (
				48AC8CB22B7EE39400B53D65 /* PBXTargetDependency */,
			);
			name = UCRBayTests;
			productName = UCRBayTests;
			productReference = 48AC8CB02B7EE39400B53D65 /* UCRBayTests.xctest */;
			productType = "com.apple.product-type.bundle.unit-test";
		};
		48AC8CB92B7EE39400B53D65 /* UCRBayUITests */ = {
			isa = PBXNativeTarget;
			buildConfigurationList = 48AC8CCA2B7EE39400B53D65 /* Build configuration list for PBXNativeTarget "UCRBayUITests" */;
			buildPhases = (
				48AC8CB62B7EE39400B53D65 /* Sources */,
				48AC8CB72B7EE39400B53D65 /* Frameworks */,
				48AC8CB82B7EE39400B53D65 /* Resources */,
			);
			buildRules = (
			);
			dependencies = (
				48AC8CBC2B7EE39400B53D65 /* PBXTargetDependency */,
			);
			name = UCRBayUITests;
			productName = UCRBayUITests;
			productReference = 48AC8CBA2B7EE39400B53D65 /* UCRBayUITests.xctest */;
			productType = "com.apple.product-type.bundle.ui-testing";
		};
/* End PBXNativeTarget section */

/* Begin PBXProject section */
		48AC8C972B7EE39200B53D65 /* Project object */ = {
			isa = PBXProject;
			attributes = {
				BuildIndependentTargetsInParallel = 1;
				LastSwiftUpdateCheck = 1520;
				LastUpgradeCheck = 1520;
				TargetAttributes = {
					48AC8C9E2B7EE39200B53D65 = {
						CreatedOnToolsVersion = 15.2;
					};
					48AC8CAF2B7EE39400B53D65 = {
						CreatedOnToolsVersion = 15.2;
						TestTargetID = 48AC8C9E2B7EE39200B53D65;
					};
					48AC8CB92B7EE39400B53D65 = {
						CreatedOnToolsVersion = 15.2;
						TestTargetID = 48AC8C9E2B7EE39200B53D65;
					};
				};
			};
			buildConfigurationList = 48AC8C9A2B7EE39200B53D65 /* Build configuration list for PBXProject "UCRBay" */;
			compatibilityVersion = "Xcode 14.0";
			developmentRegion = en;
			hasScannedForEncodings = 0;
			knownRegions = (
				en,
				Base,
			);
			mainGroup = 48AC8C962B7EE39200B53D65;
			packageReferences = (
				48AC8CD32B7EE98400B53D65 /* XCRemoteSwiftPackageReference "firebase-ios-sdk" */,
				3A1AAA5C2B95587A00EF4DC0 /* XCRemoteSwiftPackageReference "GoogleSignIn-iOS" */,
			);
			productRefGroup = 48AC8CA02B7EE39200B53D65 /* Products */;
			projectDirPath = "";
			projectRoot = "";
			targets = (
				48AC8C9E2B7EE39200B53D65 /* UCRBay */,
				48AC8CAF2B7EE39400B53D65 /* UCRBayTests */,
				48AC8CB92B7EE39400B53D65 /* UCRBayUITests */,
			);
		};
/* End PBXProject section */

/* Begin PBXResourcesBuildPhase section */
		48AC8C9D2B7EE39200B53D65 /* Resources */ = {
			isa = PBXResourcesBuildPhase;
			buildActionMask = 2147483647;
			files = (
				48AC8CAB2B7EE39400B53D65 /* Preview Assets.xcassets in Resources */,
				48AC8CA72B7EE39400B53D65 /* Assets.xcassets in Resources */,
				48AC8CD22B7EE73700B53D65 /* GoogleService-Info.plist in Resources */,
			);
			runOnlyForDeploymentPostprocessing = 0;
		};
		48AC8CAE2B7EE39400B53D65 /* Resources */ = {
			isa = PBXResourcesBuildPhase;
			buildActionMask = 2147483647;
			files = (
			);
			runOnlyForDeploymentPostprocessing = 0;
		};
		48AC8CB82B7EE39400B53D65 /* Resources */ = {
			isa = PBXResourcesBuildPhase;
			buildActionMask = 2147483647;
			files = (
			);
			runOnlyForDeploymentPostprocessing = 0;
		};
/* End PBXResourcesBuildPhase section */

/* Begin PBXSourcesBuildPhase section */
		48AC8C9B2B7EE39200B53D65 /* Sources */ = {
			isa = PBXSourcesBuildPhase;
			buildActionMask = 2147483647;
			files = (
				48AC8D0D2B7EF3B900B53D65 /* UserViewModel.swift in Sources */,
				48AC8CD02B7EE41000B53D65 /* HomeView.swift in Sources */,
				48AC8D0F2B7EFC2600B53D65 /* RegistrationView.swift in Sources */,
				48AC8CA52B7EE39200B53D65 /* ContentView.swift in Sources */,
				48AC8D0B2B7EECF700B53D65 /* User.swift in Sources */,
				48AC8CA32B7EE39200B53D65 /* UCRBayApp.swift in Sources */,
			);
			runOnlyForDeploymentPostprocessing = 0;
		};
		48AC8CAC2B7EE39400B53D65 /* Sources */ = {
			isa = PBXSourcesBuildPhase;
			buildActionMask = 2147483647;
			files = (
				48AC8CB52B7EE39400B53D65 /* UCRBayTests.swift in Sources */,
			);
			runOnlyForDeploymentPostprocessing = 0;
		};
		48AC8CB62B7EE39400B53D65 /* Sources */ = {
			isa = PBXSourcesBuildPhase;
			buildActionMask = 2147483647;
			files = (
				48AC8CC12B7EE39400B53D65 /* UCRBayUITestsLaunchTests.swift in Sources */,
				48AC8CBF2B7EE39400B53D65 /* UCRBayUITests.swift in Sources */,
			);
			runOnlyForDeploymentPostprocessing = 0;
		};
/* End PBXSourcesBuildPhase section */

/* Begin PBXTargetDependency section */
		48AC8CB22B7EE39400B53D65 /* PBXTargetDependency */ = {
			isa = PBXTargetDependency;
			target = 48AC8C9E2B7EE39200B53D65 /* UCRBay */;
			targetProxy = 48AC8CB12B7EE39400B53D65 /* PBXContainerItemProxy */;
		};
		48AC8CBC2B7EE39400B53D65 /* PBXTargetDependency */ = {
			isa = PBXTargetDependency;
			target = 48AC8C9E2B7EE39200B53D65 /* UCRBay */;
			targetProxy = 48AC8CBB2B7EE39400B53D65 /* PBXContainerItemProxy */;
		};
/* End PBXTargetDependency section */

/* Begin XCBuildConfiguration section */
		48AC8CC22B7EE39400B53D65 /* Debug */ = {
			isa = XCBuildConfiguration;
			buildSettings = {
				ALWAYS_SEARCH_USER_PATHS = NO;
				ASSETCATALOG_COMPILER_GENERATE_SWIFT_ASSET_SYMBOL_EXTENSIONS = YES;
				CLANG_ANALYZER_NONNULL = YES;
				CLANG_ANALYZER_NUMBER_OBJECT_CONVERSION = YES_AGGRESSIVE;
				CLANG_CXX_LANGUAGE_STANDARD = "gnu++20";
				CLANG_ENABLE_MODULES = YES;
				CLANG_ENABLE_OBJC_ARC = YES;
				CLANG_ENABLE_OBJC_WEAK = YES;
				CLANG_WARN_BLOCK_CAPTURE_AUTORELEASING = YES;
				CLANG_WARN_BOOL_CONVERSION = YES;
				CLANG_WARN_COMMA = YES;
				CLANG_WARN_CONSTANT_CONVERSION = YES;
				CLANG_WARN_DEPRECATED_OBJC_IMPLEMENTATIONS = YES;
				CLANG_WARN_DIRECT_OBJC_ISA_USAGE = YES_ERROR;
				CLANG_WARN_DOCUMENTATION_COMMENTS = YES;
				CLANG_WARN_EMPTY_BODY = YES;
				CLANG_WARN_ENUM_CONVERSION = YES;
				CLANG_WARN_INFINITE_RECURSION = YES;
				CLANG_WARN_INT_CONVERSION = YES;
				CLANG_WARN_NON_LITERAL_NULL_CONVERSION = YES;
				CLANG_WARN_OBJC_IMPLICIT_RETAIN_SELF = YES;
				CLANG_WARN_OBJC_LITERAL_CONVERSION = YES;
				CLANG_WARN_OBJC_ROOT_CLASS = YES_ERROR;
				CLANG_WARN_QUOTED_INCLUDE_IN_FRAMEWORK_HEADER = YES;
				CLANG_WARN_RANGE_LOOP_ANALYSIS = YES;
				CLANG_WARN_STRICT_PROTOTYPES = YES;
				CLANG_WARN_SUSPICIOUS_MOVE = YES;
				CLANG_WARN_UNGUARDED_AVAILABILITY = YES_AGGRESSIVE;
				CLANG_WARN_UNREACHABLE_CODE = YES;
				CLANG_WARN__DUPLICATE_METHOD_MATCH = YES;
				COPY_PHASE_STRIP = NO;
				DEBUG_INFORMATION_FORMAT = dwarf;
				ENABLE_STRICT_OBJC_MSGSEND = YES;
				ENABLE_TESTABILITY = YES;
				ENABLE_USER_SCRIPT_SANDBOXING = YES;
				GCC_C_LANGUAGE_STANDARD = gnu17;
				GCC_DYNAMIC_NO_PIC = NO;
				GCC_NO_COMMON_BLOCKS = YES;
				GCC_OPTIMIZATION_LEVEL = 0;
				GCC_PREPROCESSOR_DEFINITIONS = (
					"DEBUG=1",
					"$(inherited)",
				);
				GCC_WARN_64_TO_32_BIT_CONVERSION = YES;
				GCC_WARN_ABOUT_RETURN_TYPE = YES_ERROR;
				GCC_WARN_UNDECLARED_SELECTOR = YES;
				GCC_WARN_UNINITIALIZED_AUTOS = YES_AGGRESSIVE;
				GCC_WARN_UNUSED_FUNCTION = YES;
				GCC_WARN_UNUSED_VARIABLE = YES;
				LOCALIZATION_PREFERS_STRING_CATALOGS = YES;
				MTL_ENABLE_DEBUG_INFO = INCLUDE_SOURCE;
				MTL_FAST_MATH = YES;
				ONLY_ACTIVE_ARCH = YES;
				SWIFT_ACTIVE_COMPILATION_CONDITIONS = "DEBUG $(inherited)";
				SWIFT_OPTIMIZATION_LEVEL = "-Onone";
			};
			name = Debug;
		};
		48AC8CC32B7EE39400B53D65 /* Release */ = {
			isa = XCBuildConfiguration;
			buildSettings = {
				ALWAYS_SEARCH_USER_PATHS = NO;
				ASSETCATALOG_COMPILER_GENERATE_SWIFT_ASSET_SYMBOL_EXTENSIONS = YES;
				CLANG_ANALYZER_NONNULL = YES;
				CLANG_ANALYZER_NUMBER_OBJECT_CONVERSION = YES_AGGRESSIVE;
				CLANG_CXX_LANGUAGE_STANDARD = "gnu++20";
				CLANG_ENABLE_MODULES = YES;
				CLANG_ENABLE_OBJC_ARC = YES;
				CLANG_ENABLE_OBJC_WEAK = YES;
				CLANG_WARN_BLOCK_CAPTURE_AUTORELEASING = YES;
				CLANG_WARN_BOOL_CONVERSION = YES;
				CLANG_WARN_COMMA = YES;
				CLANG_WARN_CONSTANT_CONVERSION = YES;
				CLANG_WARN_DEPRECATED_OBJC_IMPLEMENTATIONS = YES;
				CLANG_WARN_DIRECT_OBJC_ISA_USAGE = YES_ERROR;
				CLANG_WARN_DOCUMENTATION_COMMENTS = YES;
				CLANG_WARN_EMPTY_BODY = YES;
				CLANG_WARN_ENUM_CONVERSION = YES;
				CLANG_WARN_INFINITE_RECURSION = YES;
				CLANG_WARN_INT_CONVERSION = YES;
				CLANG_WARN_NON_LITERAL_NULL_CONVERSION = YES;
				CLANG_WARN_OBJC_IMPLICIT_RETAIN_SELF = YES;
				CLANG_WARN_OBJC_LITERAL_CONVERSION = YES;
				CLANG_WARN_OBJC_ROOT_CLASS = YES_ERROR;
				CLANG_WARN_QUOTED_INCLUDE_IN_FRAMEWORK_HEADER = YES;
				CLANG_WARN_RANGE_LOOP_ANALYSIS = YES;
				CLANG_WARN_STRICT_PROTOTYPES = YES;
				CLANG_WARN_SUSPICIOUS_MOVE = YES;
				CLANG_WARN_UNGUARDED_AVAILABILITY = YES_AGGRESSIVE;
				CLANG_WARN_UNREACHABLE_CODE = YES;
				CLANG_WARN__DUPLICATE_METHOD_MATCH = YES;
				COPY_PHASE_STRIP = NO;
				DEBUG_INFORMATION_FORMAT = "dwarf-with-dsym";
				ENABLE_NS_ASSERTIONS = NO;
				ENABLE_STRICT_OBJC_MSGSEND = YES;
				ENABLE_USER_SCRIPT_SANDBOXING = YES;
				GCC_C_LANGUAGE_STANDARD = gnu17;
				GCC_NO_COMMON_BLOCKS = YES;
				GCC_WARN_64_TO_32_BIT_CONVERSION = YES;
				GCC_WARN_ABOUT_RETURN_TYPE = YES_ERROR;
				GCC_WARN_UNDECLARED_SELECTOR = YES;
				GCC_WARN_UNINITIALIZED_AUTOS = YES_AGGRESSIVE;
				GCC_WARN_UNUSED_FUNCTION = YES;
				GCC_WARN_UNUSED_VARIABLE = YES;
				LOCALIZATION_PREFERS_STRING_CATALOGS = YES;
				MTL_ENABLE_DEBUG_INFO = NO;
				MTL_FAST_MATH = YES;
				SWIFT_COMPILATION_MODE = wholemodule;
			};
			name = Release;
		};
		48AC8CC52B7EE39400B53D65 /* Debug */ = {
			isa = XCBuildConfiguration;
			buildSettings = {
				ASSETCATALOG_COMPILER_APPICON_NAME = AppIcon;
				ASSETCATALOG_COMPILER_GLOBAL_ACCENT_COLOR_NAME = AccentColor;
				ASSETCATALOG_COMPILER_INCLUDE_ALL_APPICON_ASSETS = YES;
				CODE_SIGN_ENTITLEMENTS = UCRBay/UCRBay.entitlements;
				CODE_SIGN_STYLE = Automatic;
				CURRENT_PROJECT_VERSION = 1;
				DEVELOPMENT_ASSET_PATHS = "\"UCRBay/Preview Content\"";
				DEVELOPMENT_TEAM = CWLRSGB4ZN;
				ENABLE_PREVIEWS = YES;
				GENERATE_INFOPLIST_FILE = YES;
				INFOPLIST_FILE = UCRBay/Info.plist;
				INFOPLIST_KEY_LSApplicationCategoryType = "public.app-category.shopping";
				"INFOPLIST_KEY_UIApplicationSceneManifest_Generation[sdk=iphoneos*]" = YES;
				"INFOPLIST_KEY_UIApplicationSceneManifest_Generation[sdk=iphonesimulator*]" = YES;
				"INFOPLIST_KEY_UIApplicationSupportsIndirectInputEvents[sdk=iphoneos*]" = YES;
				"INFOPLIST_KEY_UIApplicationSupportsIndirectInputEvents[sdk=iphonesimulator*]" = YES;
				"INFOPLIST_KEY_UILaunchScreen_Generation[sdk=iphoneos*]" = YES;
				"INFOPLIST_KEY_UILaunchScreen_Generation[sdk=iphonesimulator*]" = YES;
				"INFOPLIST_KEY_UIStatusBarStyle[sdk=iphoneos*]" = UIStatusBarStyleDefault;
				"INFOPLIST_KEY_UIStatusBarStyle[sdk=iphonesimulator*]" = UIStatusBarStyleDefault;
				INFOPLIST_KEY_UISupportedInterfaceOrientations_iPad = "UIInterfaceOrientationPortrait UIInterfaceOrientationPortraitUpsideDown UIInterfaceOrientationLandscapeLeft UIInterfaceOrientationLandscapeRight";
				INFOPLIST_KEY_UISupportedInterfaceOrientations_iPhone = "UIInterfaceOrientationPortrait UIInterfaceOrientationLandscapeLeft UIInterfaceOrientationLandscapeRight";
				IPHONEOS_DEPLOYMENT_TARGET = 17.2;
				LD_RUNPATH_SEARCH_PATHS = "@executable_path/Frameworks";
				"LD_RUNPATH_SEARCH_PATHS[sdk=macosx*]" = "@executable_path/../Frameworks";
				MACOSX_DEPLOYMENT_TARGET = 14.1;
				MARKETING_VERSION = 1.0;
				PRODUCT_BUNDLE_IDENTIFIER = ucrstudent.UCRBay;
				PRODUCT_NAME = "$(TARGET_NAME)";
				SDKROOT = auto;
				SUPPORTED_PLATFORMS = "iphoneos iphonesimulator";
				SUPPORTS_MACCATALYST = NO;
				SWIFT_EMIT_LOC_STRINGS = YES;
				SWIFT_VERSION = 5.0;
				TARGETED_DEVICE_FAMILY = 1;
			};
			name = Debug;
		};
		48AC8CC62B7EE39400B53D65 /* Release */ = {
			isa = XCBuildConfiguration;
			buildSettings = {
				ASSETCATALOG_COMPILER_APPICON_NAME = AppIcon;
				ASSETCATALOG_COMPILER_GLOBAL_ACCENT_COLOR_NAME = AccentColor;
				ASSETCATALOG_COMPILER_INCLUDE_ALL_APPICON_ASSETS = YES;
				CODE_SIGN_ENTITLEMENTS = UCRBay/UCRBay.entitlements;
				CODE_SIGN_STYLE = Automatic;
				CURRENT_PROJECT_VERSION = 1;
				DEVELOPMENT_ASSET_PATHS = "\"UCRBay/Preview Content\"";
				DEVELOPMENT_TEAM = CWLRSGB4ZN;
				ENABLE_PREVIEWS = YES;
				GENERATE_INFOPLIST_FILE = YES;
				INFOPLIST_FILE = UCRBay/Info.plist;
				INFOPLIST_KEY_LSApplicationCategoryType = "public.app-category.shopping";
				"INFOPLIST_KEY_UIApplicationSceneManifest_Generation[sdk=iphoneos*]" = YES;
				"INFOPLIST_KEY_UIApplicationSceneManifest_Generation[sdk=iphonesimulator*]" = YES;
				"INFOPLIST_KEY_UIApplicationSupportsIndirectInputEvents[sdk=iphoneos*]" = YES;
				"INFOPLIST_KEY_UIApplicationSupportsIndirectInputEvents[sdk=iphonesimulator*]" = YES;
				"INFOPLIST_KEY_UILaunchScreen_Generation[sdk=iphoneos*]" = YES;
				"INFOPLIST_KEY_UILaunchScreen_Generation[sdk=iphonesimulator*]" = YES;
				"INFOPLIST_KEY_UIStatusBarStyle[sdk=iphoneos*]" = UIStatusBarStyleDefault;
				"INFOPLIST_KEY_UIStatusBarStyle[sdk=iphonesimulator*]" = UIStatusBarStyleDefault;
				INFOPLIST_KEY_UISupportedInterfaceOrientations_iPad = "UIInterfaceOrientationPortrait UIInterfaceOrientationPortraitUpsideDown UIInterfaceOrientationLandscapeLeft UIInterfaceOrientationLandscapeRight";
				INFOPLIST_KEY_UISupportedInterfaceOrientations_iPhone = "UIInterfaceOrientationPortrait UIInterfaceOrientationLandscapeLeft UIInterfaceOrientationLandscapeRight";
				IPHONEOS_DEPLOYMENT_TARGET = 17.2;
				LD_RUNPATH_SEARCH_PATHS = "@executable_path/Frameworks";
				"LD_RUNPATH_SEARCH_PATHS[sdk=macosx*]" = "@executable_path/../Frameworks";
				MACOSX_DEPLOYMENT_TARGET = 14.1;
				MARKETING_VERSION = 1.0;
				PRODUCT_BUNDLE_IDENTIFIER = ucrstudent.UCRBay;
				PRODUCT_NAME = "$(TARGET_NAME)";
				SDKROOT = auto;
				SUPPORTED_PLATFORMS = "iphoneos iphonesimulator";
				SUPPORTS_MACCATALYST = NO;
				SWIFT_EMIT_LOC_STRINGS = YES;
				SWIFT_VERSION = 5.0;
				TARGETED_DEVICE_FAMILY = 1;
			};
			name = Release;
		};
		48AC8CC82B7EE39400B53D65 /* Debug */ = {
			isa = XCBuildConfiguration;
			buildSettings = {
				ALWAYS_EMBED_SWIFT_STANDARD_LIBRARIES = YES;
				BUNDLE_LOADER = "$(TEST_HOST)";
				CODE_SIGN_STYLE = Automatic;
				CURRENT_PROJECT_VERSION = 1;
				GENERATE_INFOPLIST_FILE = YES;
				IPHONEOS_DEPLOYMENT_TARGET = 16.6;
				MACOSX_DEPLOYMENT_TARGET = 14.1;
				MARKETING_VERSION = 1.0;
				PRODUCT_BUNDLE_IDENTIFIER = ucrstudent.UCRBayTests;
				PRODUCT_NAME = "$(TARGET_NAME)";
				SDKROOT = auto;
				SUPPORTED_PLATFORMS = "iphoneos iphonesimulator";
				SUPPORTS_MACCATALYST = NO;
				SWIFT_EMIT_LOC_STRINGS = NO;
				SWIFT_VERSION = 5.0;
				TARGETED_DEVICE_FAMILY = 1;
				TEST_HOST = "$(BUILT_PRODUCTS_DIR)/UCRBay.app/$(BUNDLE_EXECUTABLE_FOLDER_PATH)/UCRBay";
			};
			name = Debug;
		};
		48AC8CC92B7EE39400B53D65 /* Release */ = {
			isa = XCBuildConfiguration;
			buildSettings = {
				ALWAYS_EMBED_SWIFT_STANDARD_LIBRARIES = YES;
				BUNDLE_LOADER = "$(TEST_HOST)";
				CODE_SIGN_STYLE = Automatic;
				CURRENT_PROJECT_VERSION = 1;
				GENERATE_INFOPLIST_FILE = YES;
				IPHONEOS_DEPLOYMENT_TARGET = 16.6;
				MACOSX_DEPLOYMENT_TARGET = 14.1;
				MARKETING_VERSION = 1.0;
				PRODUCT_BUNDLE_IDENTIFIER = ucrstudent.UCRBayTests;
				PRODUCT_NAME = "$(TARGET_NAME)";
				SDKROOT = auto;
				SUPPORTED_PLATFORMS = "iphoneos iphonesimulator";
				SUPPORTS_MACCATALYST = NO;
				SWIFT_EMIT_LOC_STRINGS = NO;
				SWIFT_VERSION = 5.0;
				TARGETED_DEVICE_FAMILY = 1;
				TEST_HOST = "$(BUILT_PRODUCTS_DIR)/UCRBay.app/$(BUNDLE_EXECUTABLE_FOLDER_PATH)/UCRBay";
			};
			name = Release;
		};
		48AC8CCB2B7EE39400B53D65 /* Debug */ = {
			isa = XCBuildConfiguration;
			buildSettings = {
				ALWAYS_EMBED_SWIFT_STANDARD_LIBRARIES = YES;
				CODE_SIGN_STYLE = Automatic;
				CURRENT_PROJECT_VERSION = 1;
				GENERATE_INFOPLIST_FILE = YES;
				IPHONEOS_DEPLOYMENT_TARGET = 16.6;
				MACOSX_DEPLOYMENT_TARGET = 14.1;
				MARKETING_VERSION = 1.0;
				PRODUCT_BUNDLE_IDENTIFIER = ucrstudent.UCRBayUITests;
				PRODUCT_NAME = "$(TARGET_NAME)";
				SDKROOT = auto;
				SUPPORTED_PLATFORMS = "iphoneos iphonesimulator";
				SUPPORTS_MACCATALYST = NO;
				SWIFT_EMIT_LOC_STRINGS = NO;
				SWIFT_VERSION = 5.0;
				TARGETED_DEVICE_FAMILY = 1;
				TEST_TARGET_NAME = UCRBay;
			};
			name = Debug;
		};
		48AC8CCC2B7EE39400B53D65 /* Release */ = {
			isa = XCBuildConfiguration;
			buildSettings = {
				ALWAYS_EMBED_SWIFT_STANDARD_LIBRARIES = YES;
				CODE_SIGN_STYLE = Automatic;
				CURRENT_PROJECT_VERSION = 1;
				GENERATE_INFOPLIST_FILE = YES;
				IPHONEOS_DEPLOYMENT_TARGET = 16.6;
				MACOSX_DEPLOYMENT_TARGET = 14.1;
				MARKETING_VERSION = 1.0;
				PRODUCT_BUNDLE_IDENTIFIER = ucrstudent.UCRBayUITests;
				PRODUCT_NAME = "$(TARGET_NAME)";
				SDKROOT = auto;
				SUPPORTED_PLATFORMS = "iphoneos iphonesimulator";
				SUPPORTS_MACCATALYST = NO;
				SWIFT_EMIT_LOC_STRINGS = NO;
				SWIFT_VERSION = 5.0;
				TARGETED_DEVICE_FAMILY = 1;
				TEST_TARGET_NAME = UCRBay;
			};
			name = Release;
		};
/* End XCBuildConfiguration section */

/* Begin XCConfigurationList section */
		48AC8C9A2B7EE39200B53D65 /* Build configuration list for PBXProject "UCRBay" */ = {
			isa = XCConfigurationList;
			buildConfigurations = (
				48AC8CC22B7EE39400B53D65 /* Debug */,
				48AC8CC32B7EE39400B53D65 /* Release */,
			);
			defaultConfigurationIsVisible = 0;
			defaultConfigurationName = Release;
		};
		48AC8CC42B7EE39400B53D65 /* Build configuration list for PBXNativeTarget "UCRBay" */ = {
			isa = XCConfigurationList;
			buildConfigurations = (
				48AC8CC52B7EE39400B53D65 /* Debug */,
				48AC8CC62B7EE39400B53D65 /* Release */,
			);
			defaultConfigurationIsVisible = 0;
			defaultConfigurationName = Release;
		};
		48AC8CC72B7EE39400B53D65 /* Build configuration list for PBXNativeTarget "UCRBayTests" */ = {
			isa = XCConfigurationList;
			buildConfigurations = (
				48AC8CC82B7EE39400B53D65 /* Debug */,
				48AC8CC92B7EE39400B53D65 /* Release */,
			);
			defaultConfigurationIsVisible = 0;
			defaultConfigurationName = Release;
		};
		48AC8CCA2B7EE39400B53D65 /* Build configuration list for PBXNativeTarget "UCRBayUITests" */ = {
			isa = XCConfigurationList;
			buildConfigurations = (
				48AC8CCB2B7EE39400B53D65 /* Debug */,
				48AC8CCC2B7EE39400B53D65 /* Release */,
			);
			defaultConfigurationIsVisible = 0;
			defaultConfigurationName = Release;
		};
/* End XCConfigurationList section */

/* Begin XCRemoteSwiftPackageReference section */
		3A1AAA5C2B95587A00EF4DC0 /* XCRemoteSwiftPackageReference "GoogleSignIn-iOS" */ = {
			isa = XCRemoteSwiftPackageReference;
			repositoryURL = "https://github.com/google/GoogleSignIn-iOS";
			requirement = {
				kind = upToNextMajorVersion;
				minimumVersion = 7.0.0;
			};
		};
		48AC8CD32B7EE98400B53D65 /* XCRemoteSwiftPackageReference "firebase-ios-sdk" */ = {
			isa = XCRemoteSwiftPackageReference;
			repositoryURL = "https://github.com/firebase/firebase-ios-sdk";
			requirement = {
				kind = upToNextMajorVersion;
				minimumVersion = 10.21.0;
			};
		};
/* End XCRemoteSwiftPackageReference section */

/* Begin XCSwiftPackageProductDependency section */
		3A1AAA5D2B95587A00EF4DC0 /* GoogleSignIn */ = {
			isa = XCSwiftPackageProductDependency;
			package = 3A1AAA5C2B95587A00EF4DC0 /* XCRemoteSwiftPackageReference "GoogleSignIn-iOS" */;
			productName = GoogleSignIn;
		};
		3A1AAA5F2B95587A00EF4DC0 /* GoogleSignInSwift */ = {
			isa = XCSwiftPackageProductDependency;
			package = 3A1AAA5C2B95587A00EF4DC0 /* XCRemoteSwiftPackageReference "GoogleSignIn-iOS" */;
			productName = GoogleSignInSwift;
		};
		48AC8CD42B7EE98400B53D65 /* FirebaseAnalytics */ = {
			isa = XCSwiftPackageProductDependency;
			package = 48AC8CD32B7EE98400B53D65 /* XCRemoteSwiftPackageReference "firebase-ios-sdk" */;
			productName = FirebaseAnalytics;
		};
		48AC8CD62B7EE98400B53D65 /* FirebaseAnalyticsOnDeviceConversion */ = {
			isa = XCSwiftPackageProductDependency;
			package = 48AC8CD32B7EE98400B53D65 /* XCRemoteSwiftPackageReference "firebase-ios-sdk" */;
			productName = FirebaseAnalyticsOnDeviceConversion;
		};
		48AC8CD82B7EE98400B53D65 /* FirebaseAnalyticsSwift */ = {
			isa = XCSwiftPackageProductDependency;
			package = 48AC8CD32B7EE98400B53D65 /* XCRemoteSwiftPackageReference "firebase-ios-sdk" */;
			productName = FirebaseAnalyticsSwift;
		};
		48AC8CDA2B7EE98400B53D65 /* FirebaseAnalyticsWithoutAdIdSupport */ = {
			isa = XCSwiftPackageProductDependency;
			package = 48AC8CD32B7EE98400B53D65 /* XCRemoteSwiftPackageReference "firebase-ios-sdk" */;
			productName = FirebaseAnalyticsWithoutAdIdSupport;
		};
		48AC8CDC2B7EE98400B53D65 /* FirebaseAppCheck */ = {
			isa = XCSwiftPackageProductDependency;
			package = 48AC8CD32B7EE98400B53D65 /* XCRemoteSwiftPackageReference "firebase-ios-sdk" */;
			productName = FirebaseAppCheck;
		};
		48AC8CDE2B7EE98400B53D65 /* FirebaseAppDistribution-Beta */ = {
			isa = XCSwiftPackageProductDependency;
			package = 48AC8CD32B7EE98400B53D65 /* XCRemoteSwiftPackageReference "firebase-ios-sdk" */;
			productName = "FirebaseAppDistribution-Beta";
		};
		48AC8CE02B7EE98400B53D65 /* FirebaseAuth */ = {
			isa = XCSwiftPackageProductDependency;
			package = 48AC8CD32B7EE98400B53D65 /* XCRemoteSwiftPackageReference "firebase-ios-sdk" */;
			productName = FirebaseAuth;
		};
		48AC8CE22B7EE98400B53D65 /* FirebaseAuthCombine-Community */ = {
			isa = XCSwiftPackageProductDependency;
			package = 48AC8CD32B7EE98400B53D65 /* XCRemoteSwiftPackageReference "firebase-ios-sdk" */;
			productName = "FirebaseAuthCombine-Community";
		};
		48AC8CE42B7EE98400B53D65 /* FirebaseCrashlytics */ = {
			isa = XCSwiftPackageProductDependency;
			package = 48AC8CD32B7EE98400B53D65 /* XCRemoteSwiftPackageReference "firebase-ios-sdk" */;
			productName = FirebaseCrashlytics;
		};
		48AC8CE62B7EE98400B53D65 /* FirebaseDatabase */ = {
			isa = XCSwiftPackageProductDependency;
			package = 48AC8CD32B7EE98400B53D65 /* XCRemoteSwiftPackageReference "firebase-ios-sdk" */;
			productName = FirebaseDatabase;
		};
		48AC8CE82B7EE98400B53D65 /* FirebaseDatabaseSwift */ = {
			isa = XCSwiftPackageProductDependency;
			package = 48AC8CD32B7EE98400B53D65 /* XCRemoteSwiftPackageReference "firebase-ios-sdk" */;
			productName = FirebaseDatabaseSwift;
		};
		48AC8CEA2B7EE98400B53D65 /* FirebaseDynamicLinks */ = {
			isa = XCSwiftPackageProductDependency;
			package = 48AC8CD32B7EE98400B53D65 /* XCRemoteSwiftPackageReference "firebase-ios-sdk" */;
			productName = FirebaseDynamicLinks;
		};
		48AC8CEC2B7EE98400B53D65 /* FirebaseFirestore */ = {
			isa = XCSwiftPackageProductDependency;
			package = 48AC8CD32B7EE98400B53D65 /* XCRemoteSwiftPackageReference "firebase-ios-sdk" */;
			productName = FirebaseFirestore;
		};
		48AC8CEE2B7EE98400B53D65 /* FirebaseFirestoreCombine-Community */ = {
			isa = XCSwiftPackageProductDependency;
			package = 48AC8CD32B7EE98400B53D65 /* XCRemoteSwiftPackageReference "firebase-ios-sdk" */;
			productName = "FirebaseFirestoreCombine-Community";
		};
		48AC8CF02B7EE98400B53D65 /* FirebaseFirestoreSwift */ = {
			isa = XCSwiftPackageProductDependency;
			package = 48AC8CD32B7EE98400B53D65 /* XCRemoteSwiftPackageReference "firebase-ios-sdk" */;
			productName = FirebaseFirestoreSwift;
		};
		48AC8CF22B7EE98400B53D65 /* FirebaseFunctions */ = {
			isa = XCSwiftPackageProductDependency;
			package = 48AC8CD32B7EE98400B53D65 /* XCRemoteSwiftPackageReference "firebase-ios-sdk" */;
			productName = FirebaseFunctions;
		};
		48AC8CF42B7EE98400B53D65 /* FirebaseFunctionsCombine-Community */ = {
			isa = XCSwiftPackageProductDependency;
			package = 48AC8CD32B7EE98400B53D65 /* XCRemoteSwiftPackageReference "firebase-ios-sdk" */;
			productName = "FirebaseFunctionsCombine-Community";
		};
		48AC8CF62B7EE98400B53D65 /* FirebaseInAppMessaging-Beta */ = {
			isa = XCSwiftPackageProductDependency;
			package = 48AC8CD32B7EE98400B53D65 /* XCRemoteSwiftPackageReference "firebase-ios-sdk" */;
			productName = "FirebaseInAppMessaging-Beta";
		};
		48AC8CF82B7EE98400B53D65 /* FirebaseInAppMessagingSwift-Beta */ = {
			isa = XCSwiftPackageProductDependency;
			package = 48AC8CD32B7EE98400B53D65 /* XCRemoteSwiftPackageReference "firebase-ios-sdk" */;
			productName = "FirebaseInAppMessagingSwift-Beta";
		};
		48AC8CFA2B7EE98400B53D65 /* FirebaseInstallations */ = {
			isa = XCSwiftPackageProductDependency;
			package = 48AC8CD32B7EE98400B53D65 /* XCRemoteSwiftPackageReference "firebase-ios-sdk" */;
			productName = FirebaseInstallations;
		};
		48AC8CFC2B7EE98400B53D65 /* FirebaseMLModelDownloader */ = {
			isa = XCSwiftPackageProductDependency;
			package = 48AC8CD32B7EE98400B53D65 /* XCRemoteSwiftPackageReference "firebase-ios-sdk" */;
			productName = FirebaseMLModelDownloader;
		};
		48AC8CFE2B7EE98400B53D65 /* FirebaseMessaging */ = {
			isa = XCSwiftPackageProductDependency;
			package = 48AC8CD32B7EE98400B53D65 /* XCRemoteSwiftPackageReference "firebase-ios-sdk" */;
			productName = FirebaseMessaging;
		};
		48AC8D002B7EE98400B53D65 /* FirebasePerformance */ = {
			isa = XCSwiftPackageProductDependency;
			package = 48AC8CD32B7EE98400B53D65 /* XCRemoteSwiftPackageReference "firebase-ios-sdk" */;
			productName = FirebasePerformance;
		};
		48AC8D022B7EE98400B53D65 /* FirebaseRemoteConfig */ = {
			isa = XCSwiftPackageProductDependency;
			package = 48AC8CD32B7EE98400B53D65 /* XCRemoteSwiftPackageReference "firebase-ios-sdk" */;
			productName = FirebaseRemoteConfig;
		};
		48AC8D042B7EE98400B53D65 /* FirebaseRemoteConfigSwift */ = {
			isa = XCSwiftPackageProductDependency;
			package = 48AC8CD32B7EE98400B53D65 /* XCRemoteSwiftPackageReference "firebase-ios-sdk" */;
			productName = FirebaseRemoteConfigSwift;
		};
		48AC8D062B7EE98400B53D65 /* FirebaseStorage */ = {
			isa = XCSwiftPackageProductDependency;
			package = 48AC8CD32B7EE98400B53D65 /* XCRemoteSwiftPackageReference "firebase-ios-sdk" */;
			productName = FirebaseStorage;
		};
		48AC8D082B7EE98400B53D65 /* FirebaseStorageCombine-Community */ = {
			isa = XCSwiftPackageProductDependency;
			package = 48AC8CD32B7EE98400B53D65 /* XCRemoteSwiftPackageReference "firebase-ios-sdk" */;
			productName = "FirebaseStorageCombine-Community";
		};
/* End XCSwiftPackageProductDependency section */
	};
	rootObject = 48AC8C972B7EE39200B53D65 /* Project object */;
}
